// !$*UTF8*$!
{
	archiveVersion = 1;
	classes = {
	};
	objectVersion = 52;
	objects = {

/* Begin PBXBuildFile section */
		1C1B3A6623F3E9A400ACB414 /* AppDelegate.swift in Sources */ = {isa = PBXBuildFile; fileRef = 1C1B3A6523F3E9A400ACB414 /* AppDelegate.swift */; };
		1C1B3A6A23F3E9A400ACB414 /* ViewController.swift in Sources */ = {isa = PBXBuildFile; fileRef = 1C1B3A6923F3E9A400ACB414 /* ViewController.swift */; };
		1C1B3A6F23F3E9AB00ACB414 /* Assets.xcassets in Resources */ = {isa = PBXBuildFile; fileRef = 1C1B3A6E23F3E9AB00ACB414 /* Assets.xcassets */; };
		1C1B3A7223F3E9AB00ACB414 /* LaunchScreen.storyboard in Resources */ = {isa = PBXBuildFile; fileRef = 1C1B3A7023F3E9AB00ACB414 /* LaunchScreen.storyboard */; };
		1C1B3A7B23F3EA3500ACB414 /* MagazineLayout in Frameworks */ = {isa = PBXBuildFile; productRef = 1C1B3A7A23F3EA3500ACB414 /* MagazineLayout */; };
		1C1B3A7D23F3EB6000ACB414 /* TestCell.swift in Sources */ = {isa = PBXBuildFile; fileRef = 1C1B3A7C23F3EB6000ACB414 /* TestCell.swift */; };
/* End PBXBuildFile section */

/* Begin PBXFileReference section */
		1C1B3A6223F3E9A400ACB414 /* MagazineScrollBugSample.app */ = {isa = PBXFileReference; explicitFileType = wrapper.application; includeInIndex = 0; path = MagazineScrollBugSample.app; sourceTree = BUILT_PRODUCTS_DIR; };
		1C1B3A6523F3E9A400ACB414 /* AppDelegate.swift */ = {isa = PBXFileReference; lastKnownFileType = sourcecode.swift; path = AppDelegate.swift; sourceTree = "<group>"; };
		1C1B3A6923F3E9A400ACB414 /* ViewController.swift */ = {isa = PBXFileReference; lastKnownFileType = sourcecode.swift; path = ViewController.swift; sourceTree = "<group>"; };
		1C1B3A6E23F3E9AB00ACB414 /* Assets.xcassets */ = {isa = PBXFileReference; lastKnownFileType = folder.assetcatalog; path = Assets.xcassets; sourceTree = "<group>"; };
		1C1B3A7123F3E9AB00ACB414 /* Base */ = {isa = PBXFileReference; lastKnownFileType = file.storyboard; name = Base; path = Base.lproj/LaunchScreen.storyboard; sourceTree = "<group>"; };
		1C1B3A7323F3E9AB00ACB414 /* Info.plist */ = {isa = PBXFileReference; lastKnownFileType = text.plist.xml; path = Info.plist; sourceTree = "<group>"; };
		1C1B3A7C23F3EB6000ACB414 /* TestCell.swift */ = {isa = PBXFileReference; lastKnownFileType = sourcecode.swift; path = TestCell.swift; sourceTree = "<group>"; };
/* End PBXFileReference section */

/* Begin PBXFrameworksBuildPhase section */
		1C1B3A5F23F3E9A400ACB414 /* Frameworks */ = {
			isa = PBXFrameworksBuildPhase;
			buildActionMask = 2147483647;
			files = (
				1C1B3A7B23F3EA3500ACB414 /* MagazineLayout in Frameworks */,
			);
			runOnlyForDeploymentPostprocessing = 0;
		};
/* End PBXFrameworksBuildPhase section */

/* Begin PBXGroup section */
		1C1B3A5923F3E9A400ACB414 = {
			isa = PBXGroup;
			children = (
				1C1B3A6423F3E9A400ACB414 /* MagazineScrollBugSample */,
				1C1B3A6323F3E9A400ACB414 /* Products */,
			);
			sourceTree = "<group>";
		};
		1C1B3A6323F3E9A400ACB414 /* Products */ = {
			isa = PBXGroup;
			children = (
				1C1B3A6223F3E9A400ACB414 /* MagazineScrollBugSample.app */,
			);
			name = Products;
			sourceTree = "<group>";
		};
		1C1B3A6423F3E9A400ACB414 /* MagazineScrollBugSample */ = {
			isa = PBXGroup;
			children = (
				1C1B3A6523F3E9A400ACB414 /* AppDelegate.swift */,
				1C1B3A6923F3E9A400ACB414 /* ViewController.swift */,
				1C1B3A7C23F3EB6000ACB414 /* TestCell.swift */,
				1C1B3A6E23F3E9AB00ACB414 /* Assets.xcassets */,
				1C1B3A7023F3E9AB00ACB414 /* LaunchScreen.storyboard */,
				1C1B3A7323F3E9AB00ACB414 /* Info.plist */,
			);
			path = MagazineScrollBugSample;
			sourceTree = "<group>";
		};
/* End PBXGroup section */

/* Begin PBXNativeTarget section */
		1C1B3A6123F3E9A400ACB414 /* MagazineScrollBugSample */ = {
			isa = PBXNativeTarget;
			buildConfigurationList = 1C1B3A7623F3E9AB00ACB414 /* Build configuration list for PBXNativeTarget "MagazineScrollBugSample" */;
			buildPhases = (
				1C1B3A5E23F3E9A400ACB414 /* Sources */,
				1C1B3A5F23F3E9A400ACB414 /* Frameworks */,
				1C1B3A6023F3E9A400ACB414 /* Resources */,
			);
			buildRules = (
			);
			dependencies = (
			);
			name = MagazineScrollBugSample;
			packageProductDependencies = (
				1C1B3A7A23F3EA3500ACB414 /* MagazineLayout */,
			);
			productName = MagazineScrollBugSample;
			productReference = 1C1B3A6223F3E9A400ACB414 /* MagazineScrollBugSample.app */;
			productType = "com.apple.product-type.application";
		};
/* End PBXNativeTarget section */

/* Begin PBXProject section */
		1C1B3A5A23F3E9A400ACB414 /* Project object */ = {
			isa = PBXProject;
			attributes = {
				LastSwiftUpdateCheck = 1130;
				LastUpgradeCheck = 1130;
				ORGANIZATIONNAME = "Ondřej Kycelt";
				TargetAttributes = {
					1C1B3A6123F3E9A400ACB414 = {
						CreatedOnToolsVersion = 11.3.1;
					};
				};
			};
			buildConfigurationList = 1C1B3A5D23F3E9A400ACB414 /* Build configuration list for PBXProject "MagazineScrollBugSample" */;
			compatibilityVersion = "Xcode 9.3";
			developmentRegion = en;
			hasScannedForEncodings = 0;
			knownRegions = (
				en,
				Base,
			);
			mainGroup = 1C1B3A5923F3E9A400ACB414;
			packageReferences = (
				1C1B3A7923F3EA3500ACB414 /* XCRemoteSwiftPackageReference "MagazineLayout" */,
			);
			productRefGroup = 1C1B3A6323F3E9A400ACB414 /* Products */;
			projectDirPath = "";
			projectRoot = "";
			targets = (
				1C1B3A6123F3E9A400ACB414 /* MagazineScrollBugSample */,
			);
		};
/* End PBXProject section */

/* Begin PBXResourcesBuildPhase section */
		1C1B3A6023F3E9A400ACB414 /* Resources */ = {
			isa = PBXResourcesBuildPhase;
			buildActionMask = 2147483647;
			files = (
				1C1B3A7223F3E9AB00ACB414 /* LaunchScreen.storyboard in Resources */,
				1C1B3A6F23F3E9AB00ACB414 /* Assets.xcassets in Resources */,
			);
			runOnlyForDeploymentPostprocessing = 0;
		};
/* End PBXResourcesBuildPhase section */

/* Begin PBXSourcesBuildPhase section */
		1C1B3A5E23F3E9A400ACB414 /* Sources */ = {
			isa = PBXSourcesBuildPhase;
			buildActionMask = 2147483647;
			files = (
				1C1B3A6A23F3E9A400ACB414 /* ViewController.swift in Sources */,
				1C1B3A7D23F3EB6000ACB414 /* TestCell.swift in Sources */,
				1C1B3A6623F3E9A400ACB414 /* AppDelegate.swift in Sources */,
			);
			runOnlyForDeploymentPostprocessing = 0;
		};
/* End PBXSourcesBuildPhase section */

/* Begin PBXVariantGroup section */
		1C1B3A7023F3E9AB00ACB414 /* LaunchScreen.storyboard */ = {
			isa = PBXVariantGroup;
			children = (
				1C1B3A7123F3E9AB00ACB414 /* Base */,
			);
			name = LaunchScreen.storyboard;
			sourceTree = "<group>";
		};
/* End PBXVariantGroup section */

/* Begin XCBuildConfiguration section */
		1C1B3A7423F3E9AB00ACB414 /* Debug */ = {
			isa = XCBuildConfiguration;
			buildSettings = {
				ALWAYS_SEARCH_USER_PATHS = NO;
				CLANG_ANALYZER_NONNULL = YES;
				CLANG_ANALYZER_NUMBER_OBJECT_CONVERSION = YES_AGGRESSIVE;
				CLANG_CXX_LANGUAGE_STANDARD = "gnu++14";
				CLANG_CXX_LIBRARY = "libc++";
				CLANG_ENABLE_MODULES = YES;
				CLANG_ENABLE_OBJC_ARC = YES;
				CLANG_ENABLE_OBJC_WEAK = YES;
				CLANG_WARN_BLOCK_CAPTURE_AUTORELEASING = YES;
				CLANG_WARN_BOOL_CONVERSION = YES;
				CLANG_WARN_COMMA = YES;
				CLANG_WARN_CONSTANT_CONVERSION = YES;
				CLANG_WARN_DEPRECATED_OBJC_IMPLEMENTATIONS = YES;
				CLANG_WARN_DIRECT_OBJC_ISA_USAGE = YES_ERROR;
				CLANG_WARN_DOCUMENTATION_COMMENTS = YES;
				CLANG_WARN_EMPTY_BODY = YES;
				CLANG_WARN_ENUM_CONVERSION = YES;
				CLANG_WARN_INFINITE_RECURSION = YES;
				CLANG_WARN_INT_CONVERSION = YES;
				CLANG_WARN_NON_LITERAL_NULL_CONVERSION = YES;
				CLANG_WARN_OBJC_IMPLICIT_RETAIN_SELF = YES;
				CLANG_WARN_OBJC_LITERAL_CONVERSION = YES;
				CLANG_WARN_OBJC_ROOT_CLASS = YES_ERROR;
				CLANG_WARN_RANGE_LOOP_ANALYSIS = YES;
				CLANG_WARN_STRICT_PROTOTYPES = YES;
				CLANG_WARN_SUSPICIOUS_MOVE = YES;
				CLANG_WARN_UNGUARDED_AVAILABILITY = YES_AGGRESSIVE;
				CLANG_WARN_UNREACHABLE_CODE = YES;
				CLANG_WARN__DUPLICATE_METHOD_MATCH = YES;
				COPY_PHASE_STRIP = NO;
				DEBUG_INFORMATION_FORMAT = dwarf;
				ENABLE_STRICT_OBJC_MSGSEND = YES;
				ENABLE_TESTABILITY = YES;
				GCC_C_LANGUAGE_STANDARD = gnu11;
				GCC_DYNAMIC_NO_PIC = NO;
				GCC_NO_COMMON_BLOCKS = YES;
				GCC_OPTIMIZATION_LEVEL = 0;
				GCC_PREPROCESSOR_DEFINITIONS = (
					"DEBUG=1",
					"$(inherited)",
				);
				GCC_WARN_64_TO_32_BIT_CONVERSION = YES;
				GCC_WARN_ABOUT_RETURN_TYPE = YES_ERROR;
				GCC_WARN_UNDECLARED_SELECTOR = YES;
				GCC_WARN_UNINITIALIZED_AUTOS = YES_AGGRESSIVE;
				GCC_WARN_UNUSED_FUNCTION = YES;
				GCC_WARN_UNUSED_VARIABLE = YES;
				IPHONEOS_DEPLOYMENT_TARGET = 13.2;
				MTL_ENABLE_DEBUG_INFO = INCLUDE_SOURCE;
				MTL_FAST_MATH = YES;
				ONLY_ACTIVE_ARCH = YES;
				SDKROOT = iphoneos;
				SWIFT_ACTIVE_COMPILATION_CONDITIONS = DEBUG;
				SWIFT_OPTIMIZATION_LEVEL = "-Onone";
			};
			name = Debug;
		};
		1C1B3A7523F3E9AB00ACB414 /* Release */ = {
			isa = XCBuildConfiguration;
			buildSettings = {
				ALWAYS_SEARCH_USER_PATHS = NO;
				CLANG_ANALYZER_NONNULL = YES;
				CLANG_ANALYZER_NUMBER_OBJECT_CONVERSION = YES_AGGRESSIVE;
				CLANG_CXX_LANGUAGE_STANDARD = "gnu++14";
				CLANG_CXX_LIBRARY = "libc++";
				CLANG_ENABLE_MODULES = YES;
				CLANG_ENABLE_OBJC_ARC = YES;
				CLANG_ENABLE_OBJC_WEAK = YES;
				CLANG_WARN_BLOCK_CAPTURE_AUTORELEASING = YES;
				CLANG_WARN_BOOL_CONVERSION = YES;
				CLANG_WARN_COMMA = YES;
				CLANG_WARN_CONSTANT_CONVERSION = YES;
				CLANG_WARN_DEPRECATED_OBJC_IMPLEMENTATIONS = YES;
				CLANG_WARN_DIRECT_OBJC_ISA_USAGE = YES_ERROR;
				CLANG_WARN_DOCUMENTATION_COMMENTS = YES;
				CLANG_WARN_EMPTY_BODY = YES;
				CLANG_WARN_ENUM_CONVERSION = YES;
				CLANG_WARN_INFINITE_RECURSION = YES;
				CLANG_WARN_INT_CONVERSION = YES;
				CLANG_WARN_NON_LITERAL_NULL_CONVERSION = YES;
				CLANG_WARN_OBJC_IMPLICIT_RETAIN_SELF = YES;
				CLANG_WARN_OBJC_LITERAL_CONVERSION = YES;
				CLANG_WARN_OBJC_ROOT_CLASS = YES_ERROR;
				CLANG_WARN_RANGE_LOOP_ANALYSIS = YES;
				CLANG_WARN_STRICT_PROTOTYPES = YES;
				CLANG_WARN_SUSPICIOUS_MOVE = YES;
				CLANG_WARN_UNGUARDED_AVAILABILITY = YES_AGGRESSIVE;
				CLANG_WARN_UNREACHABLE_CODE = YES;
				CLANG_WARN__DUPLICATE_METHOD_MATCH = YES;
				COPY_PHASE_STRIP = NO;
				DEBUG_INFORMATION_FORMAT = "dwarf-with-dsym";
				ENABLE_NS_ASSERTIONS = NO;
				ENABLE_STRICT_OBJC_MSGSEND = YES;
				GCC_C_LANGUAGE_STANDARD = gnu11;
				GCC_NO_COMMON_BLOCKS = YES;
				GCC_WARN_64_TO_32_BIT_CONVERSION = YES;
				GCC_WARN_ABOUT_RETURN_TYPE = YES_ERROR;
				GCC_WARN_UNDECLARED_SELECTOR = YES;
				GCC_WARN_UNINITIALIZED_AUTOS = YES_AGGRESSIVE;
				GCC_WARN_UNUSED_FUNCTION = YES;
				GCC_WARN_UNUSED_VARIABLE = YES;
				IPHONEOS_DEPLOYMENT_TARGET = 13.2;
				MTL_ENABLE_DEBUG_INFO = NO;
				MTL_FAST_MATH = YES;
				SDKROOT = iphoneos;
				SWIFT_COMPILATION_MODE = wholemodule;
				SWIFT_OPTIMIZATION_LEVEL = "-O";
				VALIDATE_PRODUCT = YES;
			};
			name = Release;
		};
		1C1B3A7723F3E9AB00ACB414 /* Debug */ = {
			isa = XCBuildConfiguration;
			buildSettings = {
				ASSETCATALOG_COMPILER_APPICON_NAME = AppIcon;
				CODE_SIGN_STYLE = Automatic;
				DEVELOPMENT_TEAM = 4WCGP5L64H;
				INFOPLIST_FILE = MagazineScrollBugSample/Info.plist;
				LD_RUNPATH_SEARCH_PATHS = (
					"$(inherited)",
					"@executable_path/Frameworks",
				);
				PRODUCT_BUNDLE_IDENTIFIER = cz.okycelt.MagazineScrollBugSample;
				PRODUCT_NAME = "$(TARGET_NAME)";
				SWIFT_VERSION = 5.0;
				TARGETED_DEVICE_FAMILY = "1,2";
			};
			name = Debug;
		};
		1C1B3A7823F3E9AB00ACB414 /* Release */ = {
			isa = XCBuildConfiguration;
			buildSettings = {
				ASSETCATALOG_COMPILER_APPICON_NAME = AppIcon;
				CODE_SIGN_STYLE = Automatic;
				DEVELOPMENT_TEAM = 4WCGP5L64H;
				INFOPLIST_FILE = MagazineScrollBugSample/Info.plist;
				LD_RUNPATH_SEARCH_PATHS = (
					"$(inherited)",
					"@executable_path/Frameworks",
				);
				PRODUCT_BUNDLE_IDENTIFIER = cz.okycelt.MagazineScrollBugSample;
				PRODUCT_NAME = "$(TARGET_NAME)";
				SWIFT_VERSION = 5.0;
				TARGETED_DEVICE_FAMILY = "1,2";
			};
			name = Release;
		};
/* End XCBuildConfiguration section */

/* Begin XCConfigurationList section */
		1C1B3A5D23F3E9A400ACB414 /* Build configuration list for PBXProject "MagazineScrollBugSample" */ = {
			isa = XCConfigurationList;
			buildConfigurations = (
				1C1B3A7423F3E9AB00ACB414 /* Debug */,
				1C1B3A7523F3E9AB00ACB414 /* Release */,
			);
			defaultConfigurationIsVisible = 0;
			defaultConfigurationName = Release;
		};
		1C1B3A7623F3E9AB00ACB414 /* Build configuration list for PBXNativeTarget "MagazineScrollBugSample" */ = {
			isa = XCConfigurationList;
			buildConfigurations = (
				1C1B3A7723F3E9AB00ACB414 /* Debug */,
				1C1B3A7823F3E9AB00ACB414 /* Release */,
			);
			defaultConfigurationIsVisible = 0;
			defaultConfigurationName = Release;
		};
/* End XCConfigurationList section */

/* Begin XCRemoteSwiftPackageReference section */
		1C1B3A7923F3EA3500ACB414 /* XCRemoteSwiftPackageReference "MagazineLayout" */ = {
			isa = XCRemoteSwiftPackageReference;
			repositoryURL = "https://github.com/airbnb/MagazineLayout";
			requirement = {
				kind = upToNextMajorVersion;
				minimumVersion = 1.5.4;
			};
		};
/* End XCRemoteSwiftPackageReference section */

/* Begin XCSwiftPackageProductDependency section */
		1C1B3A7A23F3EA3500ACB414 /* MagazineLayout */ = {
			isa = XCSwiftPackageProductDependency;
			package = 1C1B3A7923F3EA3500ACB414 /* XCRemoteSwiftPackageReference "MagazineLayout" */;
			productName = MagazineLayout;
		};
/* End XCSwiftPackageProductDependency section */
	};
	rootObject = 1C1B3A5A23F3E9A400ACB414 /* Project object */;
}
